
Microsoft Visual Studio Solution File, Format Version 12.00
# Visual Studio Version 16
VisualStudioVersion = 16.0.30503.244
MinimumVisualStudioVersion = 10.0.40219.1
Project("{8BC9CEB8-8B4A-11D0-8D11-00A0C91BC942}") = "SortCheck", "SortCheck\SortCheck.vcxproj", "{E27A9A09-E64B-4CC6-B536-0FAB7FB4DBC1}"
EndProject
Project("{8BC9CEB8-8B4A-11D0-8D11-00A0C91BC942}") = "PalindromeChecker", "PalindromeChecker\PalindromeChecker.vcxproj", "{E84A5303-5893-4C52-8D95-53191515A3D2}"
EndProject
Project("{8BC9CEB8-8B4A-11D0-8D11-00A0C91BC942}") = "Print2DArray", "Print2DArray\Print2DArray.vcxproj", "{C73AB821-D6C0-4D23-9EF8-343975636FB7}"
EndProject
Project("{8BC9CEB8-8B4A-11D0-8D11-00A0C91BC942}") = "SwapSort", "SwapSort\SwapSort.vcxproj", "{C2D1272D-A5DB-4DB7-BF94-CD6E377D6B37}"
EndProject
Project("{8BC9CEB8-8B4A-11D0-8D11-00A0C91BC942}") = "Shrink", "Shrink\Shrink.vcxproj", "{5E2D099E-3527-4709-9142-D52589E84CD3}"
EndProject
Project("{8BC9CEB8-8B4A-11D0-8D11-00A0C91BC942}") = "Vector Database", "Vector Database\Vector Database.vcxproj", "{EBAB1A39-7FAE-4BC9-AC3F-2452B9D681A6}"
EndProject
Project("{8BC9CEB8-8B4A-11D0-8D11-00A0C91BC942}") = "lab2lib", "lab2lib\lab2lib.vcxproj", "{85DC224B-1A4E-4B36-81C0-7EE58068EDEB}"
EndProject
Project("{8BC9CEB8-8B4A-11D0-8D11-00A0C91BC942}") = "lab2MenuProgram", "lab2MenuProgram\lab2MenuProgram.vcxproj", "{F9BC4A02-B3EB-4698-B514-ABD15EF60DB8}"
EndProject
Global
	GlobalSection(SolutionConfigurationPlatforms) = preSolution
		Debug|x64 = Debug|x64
		Debug|x86 = Debug|x86
		Release|x64 = Release|x64
		Release|x86 = Release|x86
	EndGlobalSection
	GlobalSection(ProjectConfigurationPlatforms) = postSolution
		{E27A9A09-E64B-4CC6-B536-0FAB7FB4DBC1}.Debug|x64.ActiveCfg = Debug|x64
		{E27A9A09-E64B-4CC6-B536-0FAB7FB4DBC1}.Debug|x64.Build.0 = Debug|x64
		{E27A9A09-E64B-4CC6-B536-0FAB7FB4DBC1}.Debug|x86.ActiveCfg = Debug|Win32
		{E27A9A09-E64B-4CC6-B536-0FAB7FB4DBC1}.Debug|x86.Build.0 = Debug|Win32
		{E27A9A09-E64B-4CC6-B536-0FAB7FB4DBC1}.Release|x64.ActiveCfg = Release|x64
		{E27A9A09-E64B-4CC6-B536-0FAB7FB4DBC1}.Release|x64.Build.0 = Release|x64
		{E27A9A09-E64B-4CC6-B536-0FAB7FB4DBC1}.Release|x86.ActiveCfg = Release|Win32
		{E27A9A09-E64B-4CC6-B536-0FAB7FB4DBC1}.Release|x86.Build.0 = Release|Win32
		{E84A5303-5893-4C52-8D95-53191515A3D2}.Debug|x64.ActiveCfg = Debug|x64
		{E84A5303-5893-4C52-8D95-53191515A3D2}.Debug|x64.Build.0 = Debug|x64
		{E84A5303-5893-4C52-8D95-53191515A3D2}.Debug|x86.ActiveCfg = Debug|Win32
		{E84A5303-5893-4C52-8D95-53191515A3D2}.Debug|x86.Build.0 = Debug|Win32
		{E84A5303-5893-4C52-8D95-53191515A3D2}.Release|x64.ActiveCfg = Release|x64
		{E84A5303-5893-4C52-8D95-53191515A3D2}.Release|x64.Build.0 = Release|x64
		{E84A5303-5893-4C52-8D95-53191515A3D2}.Release|x86.ActiveCfg = Release|Win32
		{E84A5303-5893-4C52-8D95-53191515A3D2}.Release|x86.Build.0 = Release|Win32
		{C73AB821-D6C0-4D23-9EF8-343975636FB7}.Debug|x64.ActiveCfg = Debug|x64
		{C73AB821-D6C0-4D23-9EF8-343975636FB7}.Debug|x64.Build.0 = Debug|x64
		{C73AB821-D6C0-4D23-9EF8-343975636FB7}.Debug|x86.ActiveCfg = Debug|Win32
		{C73AB821-D6C0-4D23-9EF8-343975636FB7}.Debug|x86.Build.0 = Debug|Win32
		{C73AB821-D6C0-4D23-9EF8-343975636FB7}.Release|x64.ActiveCfg = Release|x64
		{C73AB821-D6C0-4D23-9EF8-343975636FB7}.Release|x64.Build.0 = Release|x64
		{C73AB821-D6C0-4D23-9EF8-343975636FB7}.Release|x86.ActiveCfg = Release|Win32
		{C73AB821-D6C0-4D23-9EF8-343975636FB7}.Release|x86.Build.0 = Release|Win32
		{C2D1272D-A5DB-4DB7-BF94-CD6E377D6B37}.Debug|x64.ActiveCfg = Debug|x64
		{C2D1272D-A5DB-4DB7-BF94-CD6E377D6B37}.Debug|x64.Build.0 = Debug|x64
		{C2D1272D-A5DB-4DB7-BF94-CD6E377D6B37}.Debug|x86.ActiveCfg = Debug|Win32
		{C2D1272D-A5DB-4DB7-BF94-CD6E377D6B37}.Debug|x86.Build.0 = Debug|Win32
		{C2D1272D-A5DB-4DB7-BF94-CD6E377D6B37}.Release|x64.ActiveCfg = Release|x64
		{C2D1272D-A5DB-4DB7-BF94-CD6E377D6B37}.Release|x64.Build.0 = Release|x64
		{C2D1272D-A5DB-4DB7-BF94-CD6E377D6B37}.Release|x86.ActiveCfg = Release|Win32
		{C2D1272D-A5DB-4DB7-BF94-CD6E377D6B37}.Release|x86.Build.0 = Release|Win32
		{5E2D099E-3527-4709-9142-D52589E84CD3}.Debug|x64.ActiveCfg = Debug|x64
		{5E2D099E-3527-4709-9142-D52589E84CD3}.Debug|x64.Build.0 = Debug|x64
		{5E2D099E-3527-4709-9142-D52589E84CD3}.Debug|x86.ActiveCfg = Debug|Win32
		{5E2D099E-3527-4709-9142-D52589E84CD3}.Debug|x86.Build.0 = Debug|Win32
		{5E2D099E-3527-4709-9142-D52589E84CD3}.Release|x64.ActiveCfg = Release|x64
		{5E2D099E-3527-4709-9142-D52589E84CD3}.Release|x64.Build.0 = Release|x64
		{5E2D099E-3527-4709-9142-D52589E84CD3}.Release|x86.ActiveCfg = Release|Win32
		{5E2D099E-3527-4709-9142-D52589E84CD3}.Release|x86.Build.0 = Release|Win32
		{EBAB1A39-7FAE-4BC9-AC3F-2452B9D681A6}.Debug|x64.ActiveCfg = Debug|x64
		{EBAB1A39-7FAE-4BC9-AC3F-2452B9D681A6}.Debug|x64.Build.0 = Debug|x64
		{EBAB1A39-7FAE-4BC9-AC3F-2452B9D681A6}.Debug|x86.ActiveCfg = Debug|Win32
		{EBAB1A39-7FAE-4BC9-AC3F-2452B9D681A6}.Debug|x86.Build.0 = Debug|Win32
		{EBAB1A39-7FAE-4BC9-AC3F-2452B9D681A6}.Release|x64.ActiveCfg = Release|x64
		{EBAB1A39-7FAE-4BC9-AC3F-2452B9D681A6}.Release|x64.Build.0 = Release|x64
		{EBAB1A39-7FAE-4BC9-AC3F-2452B9D681A6}.Release|x86.ActiveCfg = Release|Win32
		{EBAB1A39-7FAE-4BC9-AC3F-2452B9D681A6}.Release|x86.Build.0 = Release|Win32
		{85DC224B-1A4E-4B36-81C0-7EE58068EDEB}.Debug|x64.ActiveCfg = Debug|x64
		{85DC224B-1A4E-4B36-81C0-7EE58068EDEB}.Debug|x64.Build.0 = Debug|x64
		{85DC224B-1A4E-4B36-81C0-7EE58068EDEB}.Debug|x86.ActiveCfg = Debug|Win32
		{85DC224B-1A4E-4B36-81C0-7EE58068EDEB}.Debug|x86.Build.0 = Debug|Win32
		{85DC224B-1A4E-4B36-81C0-7EE58068EDEB}.Release|x64.ActiveCfg = Release|x64
		{85DC224B-1A4E-4B36-81C0-7EE58068EDEB}.Release|x64.Build.0 = Release|x64
		{85DC224B-1A4E-4B36-81C0-7EE58068EDEB}.Release|x86.ActiveCfg = Release|Win32
		{85DC224B-1A4E-4B36-81C0-7EE58068EDEB}.Release|x86.Build.0 = Release|Win32
		{F9BC4A02-B3EB-4698-B514-ABD15EF60DB8}.Debug|x64.ActiveCfg = Debug|x64
		{F9BC4A02-B3EB-4698-B514-ABD15EF60DB8}.Debug|x64.Build.0 = Debug|x64
		{F9BC4A02-B3EB-4698-B514-ABD15EF60DB8}.Debug|x86.ActiveCfg = Debug|Win32
		{F9BC4A02-B3EB-4698-B514-ABD15EF60DB8}.Debug|x86.Build.0 = Debug|Win32
		{F9BC4A02-B3EB-4698-B514-ABD15EF60DB8}.Release|x64.ActiveCfg = Release|x64
		{F9BC4A02-B3EB-4698-B514-ABD15EF60DB8}.Release|x64.Build.0 = Release|x64
		{F9BC4A02-B3EB-4698-B514-ABD15EF60DB8}.Release|x86.ActiveCfg = Release|Win32
		{F9BC4A02-B3EB-4698-B514-ABD15EF60DB8}.Release|x86.Build.0 = Release|Win32
	EndGlobalSection
	GlobalSection(SolutionProperties) = preSolution
		HideSolutionNode = FALSE
	EndGlobalSection
	GlobalSection(ExtensibilityGlobals) = postSolution
		SolutionGuid = {C2378C94-5D04-414A-86FD-8CF6B26EC31F}
	EndGlobalSection
EndGlobal
